{
  "name": "test",
  "version": "1.0.0",
  "lockfileVersion": 2,
  "requires": true,
  "packages": {
    "": {
      "name": "test",
      "version": "1.0.0",
      "license": "ISC",
      "dependencies": {
        "@types/mockjs": "^1.0.6",
        "mockjs": "^1.1.0"
      }
    },
    "node_modules/@types/mockjs": {
      "version": "1.0.6",
      "resolved": "https://registry.npmjs.org/@types/mockjs/-/mockjs-1.0.6.tgz",
      "integrity": "sha512-Yu5YlqbYZyqsd6LjO4e8ONJDN9pTSnciHDcRP4teNOh/au2b8helFhgRx+3w8xsTFEnwr9jtfTVJbAx+eYmlHA=="
    },
    "node_modules/commander": {
      "version": "9.2.0",
      "resolved": "https://registry.npmjs.org/commander/-/commander-9.2.0.tgz",
      "integrity": "sha512-e2i4wANQiSXgnrBlIatyHtP1odfUp0BbV5Y5nEGbxtIrStkEOAAzCUirvLBNXHLr7kwLvJl6V+4V3XV9x7Wd9w==",
      "engines": {
        "node": "^12.20.0 || >=14"
      }
    },
    "node_modules/mockjs": {
      "version": "1.1.0",
      "resolved": "https://registry.npmjs.org/mockjs/-/mockjs-1.1.0.tgz",
      "integrity": "sha512-eQsKcWzIaZzEZ07NuEyO4Nw65g0hdWAyurVol1IPl1gahRwY+svqzfgfey8U8dahLwG44d6/RwEzuK52rSa/JQ==",
      "dependencies": {
        "commander": "*"
      },
      "bin": {
        "random": "bin/random"
      }
    }
  },
  "dependencies": {
    "@types/mockjs": {
      "version": "1.0.6",
      "resolved": "https://registry.npmjs.org/@types/mockjs/-/mockjs-1.0.6.tgz",
      "integrity": "sha512-Yu5YlqbYZyqsd6LjO4e8ONJDN9pTSnciHDcRP4teNOh/au2b8helFhgRx+3w8xsTFEnwr9jtfTVJbAx+eYmlHA=="
    },
    "commander": {
      "version": "9.2.0",
      "resolved": "https://registry.npmjs.org/commander/-/commander-9.2.0.tgz",
      "integrity": "sha512-e2i4wANQiSXgnrBlIatyHtP1odfUp0BbV5Y5nEGbxtIrStkEOAAzCUirvLBNXHLr7kwLvJl6V+4V3XV9x7Wd9w=="
    },
    "mockjs": {
      "version": "1.1.0",
      "resolved": "https://registry.npmjs.org/mockjs/-/mockjs-1.1.0.tgz",
      "integrity": "sha512-eQsKcWzIaZzEZ07NuEyO4Nw65g0hdWAyurVol1IPl1gahRwY+svqzfgfey8U8dahLwG44d6/RwEzuK52rSa/JQ==",
      "requires": {
        "commander": "*"
      }
    }
  }
}
